# THIS IS AN AUTOGENERATED FILE. DO NOT EDIT THIS FILE DIRECTLY.
# yarn lockfile v1


node-bin-setup@^1.0.0:
  version "1.0.6"
  resolved "https://registry.yarnpkg.com/node-bin-setup/-/node-bin-setup-1.0.6.tgz#4b5c9bb937ece702d7069b36ca78af4684677528"
  integrity sha512-uPIxXNis1CRbv1DwqAxkgBk5NFV3s7cMN/Gf556jSw6jBvV7ca4F9lRL/8cALcZecRibeqU+5dFYqFFmzv5a0Q==

node@^12.3.1:
  version "12.9.0"
  resolved "https://registry.yarnpkg.com/node/-/node-12.9.0.tgz#718c870598979522ebe0a954a988ba46ddba8c3e"
  integrity sha512-AvahyIZgYtIWDsH5f2hVdQ65lrPQIQ5/J8shd+2a4b6lBcbZh8omgfp/Hl7I5PFGVEEwvgOEY/341NliQ+jPHA==
  dependencies:
    node-bin-setup "^1.0.0"

three@^0.112.0:
  version "0.112.0"
  resolved "https://registry.yarnpkg.com/three/-/three-0.112.0.tgz#3b392ca32df77a3570c226c1fe184d9f5f86ac66"
  integrity sha512-dX2fm4kmpaEq3A8sMGOBZzI5X132Lzoh+Aw/uFF3iGXnjM0jzxo5vugDbydTQbWU2I31XC1Nn7kIPdyhxx1uqg==
