# THIS IS AN AUTOGENERATED FILE. DO NOT EDIT THIS FILE DIRECTLY.
# yarn lockfile v1


node-bin-setup@^1.0.0:
  version "1.0.6"
  resolved "https://registry.yarnpkg.com/node-bin-setup/-/node-bin-setup-1.0.6.tgz#4b5c9bb937ece702d7069b36ca78af4684677528"
  integrity sha512-uPIxXNis1CRbv1DwqAxkgBk5NFV3s7cMN/Gf556jSw6jBvV7ca4F9lRL/8cALcZecRibeqU+5dFYqFFmzv5a0Q==

node@12.3.1:
  version "12.3.1"
  resolved "https://registry.yarnpkg.com/node/-/node-12.3.1.tgz#286e084d98f8f5b2e4cae5e7e36ed290809f8c0c"
  integrity sha512-v5jzaCc3aQ9RLa4f6Fj4RzvyLzJGyx6OYtuX1o8R/RaouItwBjhrI298hUrGo2A4AQoL23buj0HCRrdw4YvjLg==
  dependencies:
    node-bin-setup "^1.0.0"

three@^0.109.0:
  version "0.109.0"
  resolved "https://registry.yarnpkg.com/three/-/three-0.109.0.tgz#611c9ef860d10bd107695cead6c6abcd2422e5fd"
  integrity sha512-XT99T3Hvgh2CEvwPdHYEunNE+clLK6KiT1U8En7YOgIqTUw4MrLeIc8zxQAJ6wbP8hhJaY5+Cff3jwBPpBa0gA==
