# THIS IS AN AUTOGENERATED FILE. DO NOT EDIT THIS FILE DIRECTLY.
# yarn lockfile v1


node-bin-setup@^1.0.0:
  version "1.0.6"
  resolved "https://registry.yarnpkg.com/node-bin-setup/-/node-bin-setup-1.0.6.tgz#4b5c9bb937ece702d7069b36ca78af4684677528"
  integrity sha512-uPIxXNis1CRbv1DwqAxkgBk5NFV3s7cMN/Gf556jSw6jBvV7ca4F9lRL/8cALcZecRibeqU+5dFYqFFmzv5a0Q==

node@13.12.0:
  version "13.12.0"
  resolved "https://registry.yarnpkg.com/node/-/node-13.12.0.tgz#6b254774a4d2a7bb1dd9e5487e2c4ba66f125621"
  integrity sha512-y59XTAeL1CYS645Bm6HFgNpp1NwFd/jTKP0q7j7z0EA0bDwieRNRNKdccvuHLDCMpxXti+r7Yu7Lxn2e/mUaIw==
  dependencies:
    node-bin-setup "^1.0.0"

three@^0.113.0:
  version "0.113.2"
  resolved "https://registry.yarnpkg.com/three/-/three-0.113.2.tgz#04791d491fe4359330f9dbe7b767db18bfb35d67"
  integrity sha512-x3vrKW41/UtbWbWduWKGlfIc043SvHWr3YltehYq+UGb9YglQ2oztNGvl2eut05JtNSmP11Mh3t6Xak5/0e+Fg==
